
Microsoft Visual Studio Solution File, Format Version 12.00
# Visual Studio Version 16
VisualStudioVersion = 16.0.29911.84
MinimumVisualStudioVersion = 10.0.40219.1
Project("{FAE04EC0-301F-11D3-BF4B-00C04F79EFBC}") = "SecurityExamples", "SecurityExamples\SecurityExamples.csproj", "{3D220422-47FA-4CDE-88D9-EC76769062EB}"
EndProject
Global
	GlobalSection(SolutionConfigurationPlatforms) = preSolution
		Debug|Any CPU = Debug|Any CPU
		Release|Any CPU = Release|Any CPU
	EndGlobalSection
	GlobalSection(ProjectConfigurationPlatforms) = postSolution
		{3D220422-47FA-4CDE-88D9-EC76769062EB}.Debug|Any CPU.ActiveCfg = Debug|Any CPU
		{3D220422-47FA-4CDE-88D9-EC76769062EB}.Debug|Any CPU.Build.0 = Debug|Any CPU
		{3D220422-47FA-4CDE-88D9-EC76769062EB}.Release|Any CPU.ActiveCfg = Release|Any CPU
		{3D220422-47FA-4CDE-88D9-EC76769062EB}.Release|Any CPU.Build.0 = Release|Any CPU
	EndGlobalSection
	GlobalSection(SolutionProperties) = preSolution
		HideSolutionNode = FALSE
	EndGlobalSection
	GlobalSection(ExtensibilityGlobals) = postSolution
		SolutionGuid = {7693E085-4B82-462A-9399-596BC0F645DD}
	EndGlobalSection
EndGlobal
